
Microsoft Visual Studio Solution File, Format Version 12.00
# Visual Studio Version 16
VisualStudioVersion = 16.0.30621.155
MinimumVisualStudioVersion = 10.0.40219.1
Project("{FAE04EC0-301F-11D3-BF4B-00C04F79EFBC}") = "SpaceJourney", "SpaceJourney\SpaceJourney.csproj", "{A62B44D6-E8F7-444F-83F4-339D35DF1831}"
EndProject
Global
	GlobalSection(SolutionConfigurationPlatforms) = preSolution
		Debug|Any CPU = Debug|Any CPU
		Release|Any CPU = Release|Any CPU
	EndGlobalSection
	GlobalSection(ProjectConfigurationPlatforms) = postSolution
		{A62B44D6-E8F7-444F-83F4-339D35DF1831}.Debug|Any CPU.ActiveCfg = Debug|Any CPU
		{A62B44D6-E8F7-444F-83F4-339D35DF1831}.Debug|Any CPU.Build.0 = Debug|Any CPU
		{A62B44D6-E8F7-444F-83F4-339D35DF1831}.Release|Any CPU.ActiveCfg = Release|Any CPU
		{A62B44D6-E8F7-444F-83F4-339D35DF1831}.Release|Any CPU.Build.0 = Release|Any CPU
	EndGlobalSection
	GlobalSection(SolutionProperties) = preSolution
		HideSolutionNode = FALSE
	EndGlobalSection
	GlobalSection(ExtensibilityGlobals) = postSolution
		SolutionGuid = {322783FF-C56B-42A7-BCD0-7497CF4D1749}
	EndGlobalSection
EndGlobal
